
Microsoft Visual Studio Solution File, Format Version 12.00
# Visual Studio Version 17
VisualStudioVersion = 17.13.35828.75 d17.13
MinimumVisualStudioVersion = 10.0.40219.1
Project("{FAE04EC0-301F-11D3-BF4B-00C04F79EFBC}") = "Tarea1", "Tarea1\Tarea1.csproj", "{AD3100E3-69E1-481D-9F54-DF97C06FECFA}"
EndProject
Global
	GlobalSection(SolutionConfigurationPlatforms) = preSolution
		Debug|Any CPU = Debug|Any CPU
		Release|Any CPU = Release|Any CPU
	EndGlobalSection
	GlobalSection(ProjectConfigurationPlatforms) = postSolution
		{AD3100E3-69E1-481D-9F54-DF97C06FECFA}.Debug|Any CPU.ActiveCfg = Debug|Any CPU
		{AD3100E3-69E1-481D-9F54-DF97C06FECFA}.Debug|Any CPU.Build.0 = Debug|Any CPU
		{AD3100E3-69E1-481D-9F54-DF97C06FECFA}.Release|Any CPU.ActiveCfg = Release|Any CPU
		{AD3100E3-69E1-481D-9F54-DF97C06FECFA}.Release|Any CPU.Build.0 = Release|Any CPU
	EndGlobalSection
	GlobalSection(SolutionProperties) = preSolution
		HideSolutionNode = FALSE
	EndGlobalSection
	GlobalSection(ExtensibilityGlobals) = postSolution
		SolutionGuid = {CAD58484-8C0F-4E69-81E9-9CD2A76F6DFC}
	EndGlobalSection
EndGlobal
