
Microsoft Visual Studio Solution File, Format Version 12.00
# Visual Studio Version 17
VisualStudioVersion = 17.13.35828.75 d17.13
MinimumVisualStudioVersion = 10.0.40219.1
Project("{FAE04EC0-301F-11D3-BF4B-00C04F79EFBC}") = "Tarea4._1", "Tarea4._1\Tarea4._1.csproj", "{59C58DF6-7A8F-4A63-AD2C-74D49E2EA10C}"
EndProject
Global
	GlobalSection(SolutionConfigurationPlatforms) = preSolution
		Debug|Any CPU = Debug|Any CPU
		Release|Any CPU = Release|Any CPU
	EndGlobalSection
	GlobalSection(ProjectConfigurationPlatforms) = postSolution
		{59C58DF6-7A8F-4A63-AD2C-74D49E2EA10C}.Debug|Any CPU.ActiveCfg = Debug|Any CPU
		{59C58DF6-7A8F-4A63-AD2C-74D49E2EA10C}.Debug|Any CPU.Build.0 = Debug|Any CPU
		{59C58DF6-7A8F-4A63-AD2C-74D49E2EA10C}.Release|Any CPU.ActiveCfg = Release|Any CPU
		{59C58DF6-7A8F-4A63-AD2C-74D49E2EA10C}.Release|Any CPU.Build.0 = Release|Any CPU
	EndGlobalSection
	GlobalSection(SolutionProperties) = preSolution
		HideSolutionNode = FALSE
	EndGlobalSection
	GlobalSection(ExtensibilityGlobals) = postSolution
		SolutionGuid = {700B785D-E28B-4071-8CC8-E0AA38AB10A7}
	EndGlobalSection
EndGlobal
